
Microsoft Visual Studio Solution File, Format Version 12.00
# Visual Studio Version 17
VisualStudioVersion = 17.9.34607.119
MinimumVisualStudioVersion = 10.0.40219.1
Project("{FAE04EC0-301F-11D3-BF4B-00C04F79EFBC}") = "QL_LOP", "QL_LOP\QL_LOP.csproj", "{5B28DCDD-D4FF-4F91-A57E-D5E6E4395549}"
EndProject
Global
	GlobalSection(SolutionConfigurationPlatforms) = preSolution
		Debug|Any CPU = Debug|Any CPU
		Release|Any CPU = Release|Any CPU
	EndGlobalSection
	GlobalSection(ProjectConfigurationPlatforms) = postSolution
		{5B28DCDD-D4FF-4F91-A57E-D5E6E4395549}.Debug|Any CPU.ActiveCfg = Debug|Any CPU
		{5B28DCDD-D4FF-4F91-A57E-D5E6E4395549}.Debug|Any CPU.Build.0 = Debug|Any CPU
		{5B28DCDD-D4FF-4F91-A57E-D5E6E4395549}.Release|Any CPU.ActiveCfg = Release|Any CPU
		{5B28DCDD-D4FF-4F91-A57E-D5E6E4395549}.Release|Any CPU.Build.0 = Release|Any CPU
	EndGlobalSection
	GlobalSection(SolutionProperties) = preSolution
		HideSolutionNode = FALSE
	EndGlobalSection
	GlobalSection(ExtensibilityGlobals) = postSolution
		SolutionGuid = {A049DC07-437E-4FFC-A0FB-5836B4AA0173}
	EndGlobalSection
EndGlobal
